{
  "name": "@tds/util-generate-id",
  "version": "1.0.2",
  "lockfileVersion": 1,
  "requires": true,
  "dependencies": {
    "array-find-es6": {
      "version": "2.0.3",
      "resolved": "https://registry.npmjs.org/array-find-es6/-/array-find-es6-2.0.3.tgz",
      "integrity": "sha512-35QZe7bM24H1Q+tAhFRVp6mUsCD+M1zREs45fjeiVqF2OAgzly76tcCjBISvu4AlR6slKv1oDaYr4KlPmzBKZA=="
    }
  }
}
