# THIS IS AN AUTOGENERATED FILE. DO NOT EDIT THIS FILE DIRECTLY.
# yarn lockfile v1


JSONSelect@*:
  version "0.4.0"
  resolved "https://registry.yarnpkg.com/JSONSelect/-/JSONSelect-0.4.0.tgz#a08edcc67eb3fcbe99ed630855344a0cf282bb8d"

ansi-regex@^0.2.0, ansi-regex@^0.2.1:
  version "0.2.1"
  resolved "https://registry.yarnpkg.com/ansi-regex/-/ansi-regex-0.2.1.tgz#0d8e946967a3d8143f93e24e298525fc1b2235f9"

ansi-styles@^1.1.0:
  version "1.1.0"
  resolved "https://registry.yarnpkg.com/ansi-styles/-/ansi-styles-1.1.0.tgz#eaecbf66cd706882760b2f4691582b8f55d7a7de"

aws-sdk@^2.7.3:
  version "2.81.0"
  resolved "https://registry.yarnpkg.com/aws-sdk/-/aws-sdk-2.81.0.tgz#48979a3f00991fd43b870eeaea79ade101761e41"
  dependencies:
    buffer "4.9.1"
    crypto-browserify "1.0.9"
    jmespath "0.15.0"
    querystring "0.2.0"
    sax "1.2.1"
    url "0.10.3"
    uuid "3.0.1"
    xml2js "0.4.17"
    xmlbuilder "4.2.1"

balanced-match@^1.0.0:
  version "1.0.0"
  resolved "https://registry.yarnpkg.com/balanced-match/-/balanced-match-1.0.0.tgz#89b4d199ab2bee49de164ea02b89ce462d71b767"

base64-js@^1.0.2:
  version "1.2.1"
  resolved "https://registry.yarnpkg.com/base64-js/-/base64-js-1.2.1.tgz#a91947da1f4a516ea38e5b4ec0ec3773675e0886"

brace-expansion@^1.1.7:
  version "1.1.8"
  resolved "https://registry.yarnpkg.com/brace-expansion/-/brace-expansion-1.1.8.tgz#c07b211c7c952ec1f8efd51a77ef0d1d3990a292"
  dependencies:
    balanced-match "^1.0.0"
    concat-map "0.0.1"

buffer@4.9.1:
  version "4.9.1"
  resolved "https://registry.yarnpkg.com/buffer/-/buffer-4.9.1.tgz#6d1bb601b07a4efced97094132093027c95bc298"
  dependencies:
    base64-js "^1.0.2"
    ieee754 "^1.1.4"
    isarray "^1.0.0"

chalk@0.5.1:
  version "0.5.1"
  resolved "https://registry.yarnpkg.com/chalk/-/chalk-0.5.1.tgz#663b3a648b68b55d04690d49167aa837858f2174"
  dependencies:
    ansi-styles "^1.1.0"
    escape-string-regexp "^1.0.0"
    has-ansi "^0.1.0"
    strip-ansi "^0.3.0"
    supports-color "^0.2.0"

coffee-script@*:
  version "1.12.6"
  resolved "https://registry.yarnpkg.com/coffee-script/-/coffee-script-1.12.6.tgz#285a3f7115689065064d6bf9ef4572db66695cbf"

commander@1.0.5:
  version "1.0.5"
  resolved "https://registry.yarnpkg.com/commander/-/commander-1.0.5.tgz#457295bb976e388e9dd0db52de4333e249f3d88c"
  dependencies:
    keypress "0.1.x"

commander@2.6.0:
  version "2.6.0"
  resolved "https://registry.yarnpkg.com/commander/-/commander-2.6.0.tgz#9df7e52fb2a0cb0fb89058ee80c3104225f37e1d"

commander@^2.9.0:
  version "2.11.0"
  resolved "https://registry.yarnpkg.com/commander/-/commander-2.11.0.tgz#157152fd1e7a6c8d98a5b715cf376df928004563"

concat-map@0.0.1:
  version "0.0.1"
  resolved "https://registry.yarnpkg.com/concat-map/-/concat-map-0.0.1.tgz#d8a96bd77fd68df7793a73036a3ba0d5405d477b"

concurrently@^3.1.0:
  version "3.5.0"
  resolved "https://registry.yarnpkg.com/concurrently/-/concurrently-3.5.0.tgz#8cf1b7707a6916a78a4ff5b77bb04dec54b379b2"
  dependencies:
    chalk "0.5.1"
    commander "2.6.0"
    date-fns "^1.23.0"
    lodash "^4.5.1"
    rx "2.3.24"
    spawn-command "^0.0.2-1"
    supports-color "^3.2.3"
    tree-kill "^1.1.0"

conventional-commit-types@^2.0.0:
  version "2.2.0"
  resolved "https://registry.yarnpkg.com/conventional-commit-types/-/conventional-commit-types-2.2.0.tgz#5db95739d6c212acbe7b6f656a11b940baa68946"

core-util-is@~1.0.0:
  version "1.0.2"
  resolved "https://registry.yarnpkg.com/core-util-is/-/core-util-is-1.0.2.tgz#b5fd54220aa2bc5ab57aab7140c940754503c1a7"

crypto-browserify@1.0.9:
  version "1.0.9"
  resolved "https://registry.yarnpkg.com/crypto-browserify/-/crypto-browserify-1.0.9.tgz#cc5449685dfb85eb11c9828acc7cb87ab5bbfcc0"

cz-conventional-changelog@^2.0.0:
  version "2.0.0"
  resolved "https://registry.yarnpkg.com/cz-conventional-changelog/-/cz-conventional-changelog-2.0.0.tgz#55a979afdfe95e7024879d2a0f5924630170b533"
  dependencies:
    conventional-commit-types "^2.0.0"
    lodash.map "^4.5.1"
    longest "^1.0.1"
    pad-right "^0.2.2"
    right-pad "^1.0.1"
    word-wrap "^1.0.3"

date-fns@^1.23.0:
  version "1.28.5"
  resolved "https://registry.yarnpkg.com/date-fns/-/date-fns-1.28.5.tgz#257cfc45d322df45ef5658665967ee841cd73faf"

date-format@^0.0.0:
  version "0.0.0"
  resolved "https://registry.yarnpkg.com/date-format/-/date-format-0.0.0.tgz#09206863ab070eb459acea5542cbd856b11966b3"

debug@^0.7.2:
  version "0.7.4"
  resolved "https://registry.yarnpkg.com/debug/-/debug-0.7.4.tgz#06e1ea8082c2cb14e39806e22e2f6f757f92af39"

debug@^2.2.0:
  version "2.6.8"
  resolved "https://registry.yarnpkg.com/debug/-/debug-2.6.8.tgz#e731531ca2ede27d188222427da17821d68ff4fc"
  dependencies:
    ms "2.0.0"

escape-string-regexp@^1.0.0:
  version "1.0.5"
  resolved "https://registry.yarnpkg.com/escape-string-regexp/-/escape-string-regexp-1.0.5.tgz#1b61c0562190a8dff6ae3bb2cf0200ca130b86d4"

fs.realpath@^1.0.0:
  version "1.0.0"
  resolved "https://registry.yarnpkg.com/fs.realpath/-/fs.realpath-1.0.0.tgz#1504ad2523158caa40db4a2787cb01411994ea4f"

glob@^7.0.5:
  version "7.1.2"
  resolved "https://registry.yarnpkg.com/glob/-/glob-7.1.2.tgz#c19c9df9a028702d678612384a6552404c636d15"
  dependencies:
    fs.realpath "^1.0.0"
    inflight "^1.0.4"
    inherits "2"
    minimatch "^3.0.4"
    once "^1.3.0"
    path-is-absolute "^1.0.0"

has-ansi@^0.1.0:
  version "0.1.0"
  resolved "https://registry.yarnpkg.com/has-ansi/-/has-ansi-0.1.0.tgz#84f265aae8c0e6a88a12d7022894b7568894c62e"
  dependencies:
    ansi-regex "^0.2.0"

has-flag@^1.0.0:
  version "1.0.0"
  resolved "https://registry.yarnpkg.com/has-flag/-/has-flag-1.0.0.tgz#9d9e793165ce017a00f00418c43f942a7b1d11fa"

ieee754@^1.1.4:
  version "1.1.8"
  resolved "https://registry.yarnpkg.com/ieee754/-/ieee754-1.1.8.tgz#be33d40ac10ef1926701f6f08a2d86fbfd1ad3e4"

inflight@^1.0.4:
  version "1.0.6"
  resolved "https://registry.yarnpkg.com/inflight/-/inflight-1.0.6.tgz#49bd6331d7d02d0c09bc910a1075ba8165b56df9"
  dependencies:
    once "^1.3.0"
    wrappy "1"

inherits@2, inherits@~2.0.1:
  version "2.0.3"
  resolved "https://registry.yarnpkg.com/inherits/-/inherits-2.0.3.tgz#633c2c83e3da42a502f52466022480f4208261de"

isarray@0.0.1:
  version "0.0.1"
  resolved "https://registry.yarnpkg.com/isarray/-/isarray-0.0.1.tgz#8a18acfca9a8f4177e09abfc6038939b05d1eedf"

isarray@^1.0.0:
  version "1.0.0"
  resolved "https://registry.yarnpkg.com/isarray/-/isarray-1.0.0.tgz#bb935d48582cba168c06834957a54a3e07124f11"

jmespath@0.15.0:
  version "0.15.0"
  resolved "https://registry.yarnpkg.com/jmespath/-/jmespath-0.15.0.tgz#a3f222a9aae9f966f5d27c796510e28091764217"

keypress@0.1.x:
  version "0.1.0"
  resolved "https://registry.yarnpkg.com/keypress/-/keypress-0.1.0.tgz#4a3188d4291b66b4f65edb99f806aa9ae293592a"

lodash.map@^4.5.1:
  version "4.6.0"
  resolved "https://registry.yarnpkg.com/lodash.map/-/lodash.map-4.6.0.tgz#771ec7839e3473d9c4cde28b19394c3562f4f6d3"

lodash@^4.0.0, lodash@^4.5.1:
  version "4.17.4"
  resolved "https://registry.yarnpkg.com/lodash/-/lodash-4.17.4.tgz#78203a4d1c328ae1d86dca6460e369b57f4055ae"

log4js@^1.0.1:
  version "1.1.1"
  resolved "https://registry.yarnpkg.com/log4js/-/log4js-1.1.1.tgz#c21d29c7604089e4f255833e7f94b3461de1ff43"
  dependencies:
    debug "^2.2.0"
    semver "^5.3.0"
    streamroller "^0.4.0"

longest@^1.0.1:
  version "1.0.1"
  resolved "https://registry.yarnpkg.com/longest/-/longest-1.0.1.tgz#30a0b2da38f73770e8294a0d22e6625ed77d0097"

mime-db@~1.27.0:
  version "1.27.0"
  resolved "https://registry.yarnpkg.com/mime-db/-/mime-db-1.27.0.tgz#820f572296bbd20ec25ed55e5b5de869e5436eb1"

mime-types@^2.1.13:
  version "2.1.15"
  resolved "https://registry.yarnpkg.com/mime-types/-/mime-types-2.1.15.tgz#a4ebf5064094569237b8cf70046776d09fc92aed"
  dependencies:
    mime-db "~1.27.0"

minimatch@^3.0.4:
  version "3.0.4"
  resolved "https://registry.yarnpkg.com/minimatch/-/minimatch-3.0.4.tgz#5166e286457f03306064be5497e8dbb0c3d32083"
  dependencies:
    brace-expansion "^1.1.7"

minimist@0.0.8:
  version "0.0.8"
  resolved "https://registry.yarnpkg.com/minimist/-/minimist-0.0.8.tgz#857fcabfc3397d2625b8228262e86aa7a011b05d"

mkdirp@^0.5.1:
  version "0.5.1"
  resolved "https://registry.yarnpkg.com/mkdirp/-/mkdirp-0.5.1.tgz#30057438eac6cf7f8c4767f38648d6697d75c903"
  dependencies:
    minimist "0.0.8"

ms@2.0.0:
  version "2.0.0"
  resolved "https://registry.yarnpkg.com/ms/-/ms-2.0.0.tgz#5608aeadfc00be6c2901df5f9861788de0d597c8"

msgpack@*:
  version "1.0.2"
  resolved "https://registry.yarnpkg.com/msgpack/-/msgpack-1.0.2.tgz#923e2c5cffa65c8418e9b228d1124793969c429c"
  dependencies:
    nan "^2.0.9"

nan@^2.0.9:
  version "2.6.2"
  resolved "https://registry.yarnpkg.com/nan/-/nan-2.6.2.tgz#e4ff34e6c95fdfb5aecc08de6596f43605a7db45"

once@^1.3.0:
  version "1.4.0"
  resolved "https://registry.yarnpkg.com/once/-/once-1.4.0.tgz#583b1aa775961d4b113ac17d9c50baef9dd76bd1"
  dependencies:
    wrappy "1"

pad-right@^0.2.2:
  version "0.2.2"
  resolved "https://registry.yarnpkg.com/pad-right/-/pad-right-0.2.2.tgz#6fbc924045d244f2a2a244503060d3bfc6009774"
  dependencies:
    repeat-string "^1.5.2"

path-is-absolute@^1.0.0:
  version "1.0.1"
  resolved "https://registry.yarnpkg.com/path-is-absolute/-/path-is-absolute-1.0.1.tgz#174b9268735534ffbc7ace6bf53a5a9e1b5c5f5f"

punycode@1.3.2:
  version "1.3.2"
  resolved "https://registry.yarnpkg.com/punycode/-/punycode-1.3.2.tgz#9653a036fb7c1ee42342f2325cceefea3926c48d"

querystring@0.2.0:
  version "0.2.0"
  resolved "https://registry.yarnpkg.com/querystring/-/querystring-0.2.0.tgz#b209849203bb25df820da756e747005878521620"

readable-stream@^1.1.7:
  version "1.1.14"
  resolved "https://registry.yarnpkg.com/readable-stream/-/readable-stream-1.1.14.tgz#7cf4c54ef648e3813084c636dd2079e166c081d9"
  dependencies:
    core-util-is "~1.0.0"
    inherits "~2.0.1"
    isarray "0.0.1"
    string_decoder "~0.10.x"

repeat-string@^1.5.2:
  version "1.6.1"
  resolved "https://registry.yarnpkg.com/repeat-string/-/repeat-string-1.6.1.tgz#8dcae470e1c88abc2d600fff4a776286da75e637"

right-pad@^1.0.1:
  version "1.0.1"
  resolved "https://registry.yarnpkg.com/right-pad/-/right-pad-1.0.1.tgz#8ca08c2cbb5b55e74dafa96bf7fd1a27d568c8d0"

rimraf@^2.5.4:
  version "2.6.1"
  resolved "https://registry.yarnpkg.com/rimraf/-/rimraf-2.6.1.tgz#c2338ec643df7a1b7fe5c54fa86f57428a55f33d"
  dependencies:
    glob "^7.0.5"

rx@2.3.24:
  version "2.3.24"
  resolved "https://registry.yarnpkg.com/rx/-/rx-2.3.24.tgz#14f950a4217d7e35daa71bbcbe58eff68ea4b2b7"

sax@1.2.1, sax@>=0.6.0:
  version "1.2.1"
  resolved "https://registry.yarnpkg.com/sax/-/sax-1.2.1.tgz#7b8e656190b228e81a66aea748480d828cd2d37a"

semver@^5.3.0:
  version "5.3.0"
  resolved "https://registry.yarnpkg.com/semver/-/semver-5.3.0.tgz#9b2ce5d3de02d17c6012ad326aa6b4d0cf54f94f"

spawn-command@^0.0.2-1:
  version "0.0.2"
  resolved "https://registry.yarnpkg.com/spawn-command/-/spawn-command-0.0.2.tgz#9544e1a43ca045f8531aac1a48cb29bdae62338e"

streamroller@^0.4.0:
  version "0.4.1"
  resolved "https://registry.yarnpkg.com/streamroller/-/streamroller-0.4.1.tgz#d435bd5974373abd9bd9068359513085106cc05f"
  dependencies:
    date-format "^0.0.0"
    debug "^0.7.2"
    mkdirp "^0.5.1"
    readable-stream "^1.1.7"

string_decoder@~0.10.x:
  version "0.10.31"
  resolved "https://registry.yarnpkg.com/string_decoder/-/string_decoder-0.10.31.tgz#62e203bc41766c6c28c9fc84301dab1c5310fa94"

strip-ansi@^0.3.0:
  version "0.3.0"
  resolved "https://registry.yarnpkg.com/strip-ansi/-/strip-ansi-0.3.0.tgz#25f48ea22ca79187f3174a4db8759347bb126220"
  dependencies:
    ansi-regex "^0.2.1"

supports-color@^0.2.0:
  version "0.2.0"
  resolved "https://registry.yarnpkg.com/supports-color/-/supports-color-0.2.0.tgz#d92de2694eb3f67323973d7ae3d8b55b4c22190a"

supports-color@^3.2.3:
  version "3.2.3"
  resolved "https://registry.yarnpkg.com/supports-color/-/supports-color-3.2.3.tgz#65ac0504b3954171d8a64946b2ae3cbb8a5f54f6"
  dependencies:
    has-flag "^1.0.0"

tree-kill@^1.1.0:
  version "1.1.0"
  resolved "https://registry.yarnpkg.com/tree-kill/-/tree-kill-1.1.0.tgz#c963dcf03722892ec59cba569e940b71954d1729"

underscore-cli@^0.2.19:
  version "0.2.19"
  resolved "https://registry.yarnpkg.com/underscore-cli/-/underscore-cli-0.2.19.tgz#24dc969c936f1d0ee11d3e7514a32da49192f092"
  dependencies:
    commander "1.0.5"
    underscore "1.8.3"
    underscore.string "3.2.3"
  optionalDependencies:
    JSONSelect "*"
    coffee-script "*"
    msgpack "*"

underscore.string@3.2.3:
  version "3.2.3"
  resolved "https://registry.yarnpkg.com/underscore.string/-/underscore.string-3.2.3.tgz#806992633665d5e5fcb4db1fb3a862eb68e9e6da"

underscore@1.8.3:
  version "1.8.3"
  resolved "https://registry.yarnpkg.com/underscore/-/underscore-1.8.3.tgz#4f3fb53b106e6097fcf9cb4109f2a5e9bdfa5022"

url@0.10.3:
  version "0.10.3"
  resolved "https://registry.yarnpkg.com/url/-/url-0.10.3.tgz#021e4d9c7705f21bbf37d03ceb58767402774c64"
  dependencies:
    punycode "1.3.2"
    querystring "0.2.0"

uuid@3.0.1:
  version "3.0.1"
  resolved "https://registry.yarnpkg.com/uuid/-/uuid-3.0.1.tgz#6544bba2dfda8c1cf17e629a3a305e2bb1fee6c1"

word-wrap@^1.0.3:
  version "1.2.3"
  resolved "https://registry.yarnpkg.com/word-wrap/-/word-wrap-1.2.3.tgz#610636f6b1f703891bd34771ccb17fb93b47079c"

wrappy@1:
  version "1.0.2"
  resolved "https://registry.yarnpkg.com/wrappy/-/wrappy-1.0.2.tgz#b5243d8f3ec1aa35f1364605bc0d1036e30ab69f"

xml2js@0.4.17:
  version "0.4.17"
  resolved "https://registry.yarnpkg.com/xml2js/-/xml2js-0.4.17.tgz#17be93eaae3f3b779359c795b419705a8817e868"
  dependencies:
    sax ">=0.6.0"
    xmlbuilder "^4.1.0"

xmlbuilder@4.2.1, xmlbuilder@^4.1.0:
  version "4.2.1"
  resolved "https://registry.yarnpkg.com/xmlbuilder/-/xmlbuilder-4.2.1.tgz#aa58a3041a066f90eaa16c2f5389ff19f3f461a5"
  dependencies:
    lodash "^4.0.0"
