{
  "name": "@tds/core-flex-grid",
  "version": "2.3.10",
  "lockfileVersion": 1,
  "requires": true,
  "dependencies": {
    "flexboxgrid2": {
      "version": "7.2.1",
      "resolved": "https://registry.npmjs.org/flexboxgrid2/-/flexboxgrid2-7.2.1.tgz",
      "integrity": "sha512-O2bO5ZcBXnFy7cYmyt/CKb6CuwzNuUPxWJt8WOiaot8SetE9zyUahXGTSpKDm3+CTYQ5YeEMPeunMdjcxKJz4w==",
      "dev": true,
      "requires": {
        "normalize.css": "^7.0.0"
      }
    },
    "invariant": {
      "version": "2.2.4",
      "resolved": "https://registry.npmjs.org/invariant/-/invariant-2.2.4.tgz",
      "integrity": "sha512-phJfQVBuaJM5raOpJjSfkiD6BpbCE4Ns//LaXl6wGYtUBY83nWS6Rf9tXm2e8VaK60JEjYldbPif/A2B1C2gNA==",
      "dev": true,
      "requires": {
        "loose-envify": "^1.0.0"
      }
    },
    "js-tokens": {
      "version": "4.0.0",
      "resolved": "https://registry.npmjs.org/js-tokens/-/js-tokens-4.0.0.tgz",
      "integrity": "sha512-RdJUflcE3cUzKiMqQgsCu06FPu9UdIJO0beYbPhHN4k6apgJtifcoCtT9bcxOpYBtpD2kCM6Sbzg4CausW/PKQ=="
    },
    "loose-envify": {
      "version": "1.4.0",
      "resolved": "https://registry.npmjs.org/loose-envify/-/loose-envify-1.4.0.tgz",
      "integrity": "sha512-lyuxPGr/Wfhrlem2CL/UcnUc1zcqKAImBDzukY7Y5F/yQiNdko6+fRLevlw1HgMySw7f611UIY408EtxRSoK3Q==",
      "requires": {
        "js-tokens": "^3.0.0 || ^4.0.0"
      }
    },
    "normalize.css": {
      "version": "7.0.0",
      "resolved": "https://registry.npmjs.org/normalize.css/-/normalize.css-7.0.0.tgz",
      "integrity": "sha1-q/sd2CRwZ04DIrU86xqvQSk45L8=",
      "dev": true
    },
    "object-assign": {
      "version": "4.1.1",
      "resolved": "https://registry.npmjs.org/object-assign/-/object-assign-4.1.1.tgz",
      "integrity": "sha1-IQmtx5ZYh8/AXLvUQsrIv7s2CGM="
    },
    "prop-types": {
      "version": "15.6.2",
      "resolved": "https://registry.npmjs.org/prop-types/-/prop-types-15.6.2.tgz",
      "integrity": "sha512-3pboPvLiWD7dkI3qf3KbUe6hKFKa52w+AE0VCqECtf+QHAKgOL37tTaNCnuX1nAAQ4ZhyP+kYVKf8rLmJ/feDQ==",
      "requires": {
        "loose-envify": "^1.3.1",
        "object-assign": "^4.1.1"
      }
    },
    "react-broadcast": {
      "version": "0.6.2",
      "resolved": "https://registry.npmjs.org/react-broadcast/-/react-broadcast-0.6.2.tgz",
      "integrity": "sha512-4Wvcbp7mhdtpl2VW4F8Go/qHqt/GuNxm4m+gsVSuJPjITyOe6L/FzS5ZvrPgjV+jIyXqJBmk9Sl4CXJmyI7kYQ==",
      "dev": true,
      "requires": {
        "invariant": "^2.2.1",
        "prop-types": "^15.6.0"
      }
    },
    "react-flexbox-grid": {
      "version": "2.1.2",
      "resolved": "https://registry.npmjs.org/react-flexbox-grid/-/react-flexbox-grid-2.1.2.tgz",
      "integrity": "sha512-lj1oVnIJ7TY3W6tPjFUxlUYd1DLFxEg8RiX3HAYVvreE3O9HU9n2390CFoPQ+qk1E+5MXa2t/mLMafFLAa8+7Q==",
      "dev": true,
      "requires": {
        "flexboxgrid2": "^7.2.0",
        "prop-types": "^15.5.8"
      }
    }
  }
}
