{
  "name": "@tds/core-tooltip",
  "version": "4.2.23",
  "lockfileVersion": 1,
  "requires": true,
  "dependencies": {
    "@tds/core-a11y-content": {
      "version": "2.2.4",
      "resolved": "https://registry.npmjs.org/@tds/core-a11y-content/-/core-a11y-content-2.2.4.tgz",
      "integrity": "sha512-ZqgAutPfhkbXrR+E4b/PAiqqT25dSmoDF18/vF9qG6SgUCC3PFYz6pOVNV0f3xcpVYZWTtPDQDAQQugee4HGJA==",
      "requires": {
        "@tds/util-helpers": "^1.6.0",
        "@tds/util-prop-types": "^1.4.0",
        "prop-types": "^15.5.10"
      },
      "dependencies": {
        "prop-types": {
          "version": "15.7.2",
          "resolved": "https://registry.npmjs.org/prop-types/-/prop-types-15.7.2.tgz",
          "integrity": "sha512-8QQikdH7//R2vurIJSutZ1smHYTcLpRWEOlHnzcWHmBYrOGUysKwSsrC89BCiFj3CbrfJ/nXFdJepOVrY1GCHQ==",
          "requires": {
            "loose-envify": "^1.4.0",
            "object-assign": "^4.1.1",
            "react-is": "^16.8.1"
          }
        }
      }
    },
    "@tds/core-box": {
      "version": "2.3.4",
      "requires": {
        "@tds/core-responsive": "^1.3.4",
        "@tds/util-helpers": "^1.6.0",
        "@tds/util-prop-types": "^1.4.0",
        "prop-types": "^15.5.10"
      },
      "dependencies": {
        "@tds/core-responsive": {
          "version": "1.3.4",
          "requires": {
            "prop-types": "^15.5.10",
            "react-media": "^1.10.0",
            "sass-mq": "^5.0.0"
          },
          "dependencies": {
            "@babel/runtime": {
              "version": "7.14.6",
              "resolved": "https://registry.npmjs.org/@babel/runtime/-/runtime-7.14.6.tgz",
              "integrity": "sha512-/PCB2uJ7oM44tz8YhC4Z/6PeOKXp4K588f+5M3clr1M4zbqztlo0XEfJ2LEzj/FgwfgGcIdl8n7YYjTCI0BYwg==",
              "requires": {
                "regenerator-runtime": "^0.13.4"
              }
            },
            "invariant": {
              "version": "2.2.4",
              "resolved": "https://registry.npmjs.org/invariant/-/invariant-2.2.4.tgz",
              "integrity": "sha512-phJfQVBuaJM5raOpJjSfkiD6BpbCE4Ns//LaXl6wGYtUBY83nWS6Rf9tXm2e8VaK60JEjYldbPif/A2B1C2gNA==",
              "requires": {
                "loose-envify": "^1.0.0"
              }
            },
            "js-tokens": {
              "version": "4.0.0",
              "resolved": "https://registry.npmjs.org/js-tokens/-/js-tokens-4.0.0.tgz",
              "integrity": "sha512-RdJUflcE3cUzKiMqQgsCu06FPu9UdIJO0beYbPhHN4k6apgJtifcoCtT9bcxOpYBtpD2kCM6Sbzg4CausW/PKQ=="
            },
            "json2mq": {
              "version": "0.2.0",
              "resolved": "https://registry.npmjs.org/json2mq/-/json2mq-0.2.0.tgz",
              "integrity": "sha1-tje9O6nqvhIsg+lyBIOusQ0skEo=",
              "requires": {
                "string-convert": "^0.2.0"
              }
            },
            "loose-envify": {
              "version": "1.4.0",
              "resolved": "https://registry.npmjs.org/loose-envify/-/loose-envify-1.4.0.tgz",
              "integrity": "sha512-lyuxPGr/Wfhrlem2CL/UcnUc1zcqKAImBDzukY7Y5F/yQiNdko6+fRLevlw1HgMySw7f611UIY408EtxRSoK3Q==",
              "requires": {
                "js-tokens": "^3.0.0 || ^4.0.0"
              }
            },
            "object-assign": {
              "version": "4.1.1",
              "resolved": "https://registry.npmjs.org/object-assign/-/object-assign-4.1.1.tgz",
              "integrity": "sha1-IQmtx5ZYh8/AXLvUQsrIv7s2CGM="
            },
            "prop-types": {
              "version": "15.7.2",
              "resolved": "https://registry.npmjs.org/prop-types/-/prop-types-15.7.2.tgz",
              "integrity": "sha512-8QQikdH7//R2vurIJSutZ1smHYTcLpRWEOlHnzcWHmBYrOGUysKwSsrC89BCiFj3CbrfJ/nXFdJepOVrY1GCHQ==",
              "requires": {
                "loose-envify": "^1.4.0",
                "object-assign": "^4.1.1",
                "react-is": "^16.8.1"
              }
            },
            "react-is": {
              "version": "16.13.1",
              "resolved": "https://registry.npmjs.org/react-is/-/react-is-16.13.1.tgz",
              "integrity": "sha512-24e6ynE2H+OKt4kqsOvNd8kBpV65zoxbA4BVsEOB3ARVWQki/DHzaUoC5KuON/BiccDaCCTZBuOcfZs70kR8bQ=="
            },
            "react-media": {
              "version": "1.10.0",
              "resolved": "https://registry.npmjs.org/react-media/-/react-media-1.10.0.tgz",
              "integrity": "sha512-FjgYmFoaPTImST06jqotuu0Mk8LOXiGYS/fIyiXuLnf20l3DPniBwtrxi604/HxxjqvmHS3oz5rAwnqdvosV4A==",
              "requires": {
                "@babel/runtime": "^7.2.0",
                "invariant": "^2.2.2",
                "json2mq": "^0.2.0",
                "prop-types": "^15.5.10"
              }
            },
            "regenerator-runtime": {
              "version": "0.13.7",
              "resolved": "https://registry.npmjs.org/regenerator-runtime/-/regenerator-runtime-0.13.7.tgz",
              "integrity": "sha512-a54FxoJDIr27pgf7IgeQGxmqUNYrcV338lf/6gH456HZ/PhX+5BcwHXG9ajESmwe6WRO0tAzRUrRmNONWgkrew=="
            },
            "sass-mq": {
              "version": "5.0.1",
              "resolved": "https://registry.npmjs.org/sass-mq/-/sass-mq-5.0.1.tgz",
              "integrity": "sha512-ugSVZO5fzasSFrGfKCtY02spnkOOfo9U9sXuzCuSXoCl1CgcoqdJRdNmigZkhvRVph1GKM6o0pgI00Jjc445CA=="
            },
            "string-convert": {
              "version": "0.2.1",
              "resolved": "https://registry.npmjs.org/string-convert/-/string-convert-0.2.1.tgz",
              "integrity": "sha1-aYLMMEn7tM2F+LJFaLnZvznu/5c="
            }
          }
        },
        "@tds/util-helpers": {
          "version": "1.6.0",
          "requires": {
            "@tds/core-responsive": "^1.3.4"
          },
          "dependencies": {
            "@tds/core-responsive": {
              "version": "1.3.4",
              "requires": {
                "prop-types": "^15.5.10",
                "react-media": "^1.10.0",
                "sass-mq": "^5.0.0"
              },
              "dependencies": {
                "@babel/runtime": {
                  "version": "7.14.6",
                  "resolved": "https://registry.npmjs.org/@babel/runtime/-/runtime-7.14.6.tgz",
                  "integrity": "sha512-/PCB2uJ7oM44tz8YhC4Z/6PeOKXp4K588f+5M3clr1M4zbqztlo0XEfJ2LEzj/FgwfgGcIdl8n7YYjTCI0BYwg==",
                  "requires": {
                    "regenerator-runtime": "^0.13.4"
                  }
                },
                "invariant": {
                  "version": "2.2.4",
                  "resolved": "https://registry.npmjs.org/invariant/-/invariant-2.2.4.tgz",
                  "integrity": "sha512-phJfQVBuaJM5raOpJjSfkiD6BpbCE4Ns//LaXl6wGYtUBY83nWS6Rf9tXm2e8VaK60JEjYldbPif/A2B1C2gNA==",
                  "requires": {
                    "loose-envify": "^1.0.0"
                  }
                },
                "js-tokens": {
                  "version": "4.0.0",
                  "resolved": "https://registry.npmjs.org/js-tokens/-/js-tokens-4.0.0.tgz",
                  "integrity": "sha512-RdJUflcE3cUzKiMqQgsCu06FPu9UdIJO0beYbPhHN4k6apgJtifcoCtT9bcxOpYBtpD2kCM6Sbzg4CausW/PKQ=="
                },
                "json2mq": {
                  "version": "0.2.0",
                  "resolved": "https://registry.npmjs.org/json2mq/-/json2mq-0.2.0.tgz",
                  "integrity": "sha1-tje9O6nqvhIsg+lyBIOusQ0skEo=",
                  "requires": {
                    "string-convert": "^0.2.0"
                  }
                },
                "loose-envify": {
                  "version": "1.4.0",
                  "resolved": "https://registry.npmjs.org/loose-envify/-/loose-envify-1.4.0.tgz",
                  "integrity": "sha512-lyuxPGr/Wfhrlem2CL/UcnUc1zcqKAImBDzukY7Y5F/yQiNdko6+fRLevlw1HgMySw7f611UIY408EtxRSoK3Q==",
                  "requires": {
                    "js-tokens": "^3.0.0 || ^4.0.0"
                  }
                },
                "object-assign": {
                  "version": "4.1.1",
                  "resolved": "https://registry.npmjs.org/object-assign/-/object-assign-4.1.1.tgz",
                  "integrity": "sha1-IQmtx5ZYh8/AXLvUQsrIv7s2CGM="
                },
                "prop-types": {
                  "version": "15.7.2",
                  "resolved": "https://registry.npmjs.org/prop-types/-/prop-types-15.7.2.tgz",
                  "integrity": "sha512-8QQikdH7//R2vurIJSutZ1smHYTcLpRWEOlHnzcWHmBYrOGUysKwSsrC89BCiFj3CbrfJ/nXFdJepOVrY1GCHQ==",
                  "requires": {
                    "loose-envify": "^1.4.0",
                    "object-assign": "^4.1.1",
                    "react-is": "^16.8.1"
                  }
                },
                "react-is": {
                  "version": "16.13.1",
                  "resolved": "https://registry.npmjs.org/react-is/-/react-is-16.13.1.tgz",
                  "integrity": "sha512-24e6ynE2H+OKt4kqsOvNd8kBpV65zoxbA4BVsEOB3ARVWQki/DHzaUoC5KuON/BiccDaCCTZBuOcfZs70kR8bQ=="
                },
                "react-media": {
                  "version": "1.10.0",
                  "resolved": "https://registry.npmjs.org/react-media/-/react-media-1.10.0.tgz",
                  "integrity": "sha512-FjgYmFoaPTImST06jqotuu0Mk8LOXiGYS/fIyiXuLnf20l3DPniBwtrxi604/HxxjqvmHS3oz5rAwnqdvosV4A==",
                  "requires": {
                    "@babel/runtime": "^7.2.0",
                    "invariant": "^2.2.2",
                    "json2mq": "^0.2.0",
                    "prop-types": "^15.5.10"
                  }
                },
                "regenerator-runtime": {
                  "version": "0.13.7",
                  "resolved": "https://registry.npmjs.org/regenerator-runtime/-/regenerator-runtime-0.13.7.tgz",
                  "integrity": "sha512-a54FxoJDIr27pgf7IgeQGxmqUNYrcV338lf/6gH456HZ/PhX+5BcwHXG9ajESmwe6WRO0tAzRUrRmNONWgkrew=="
                },
                "sass-mq": {
                  "version": "5.0.1",
                  "resolved": "https://registry.npmjs.org/sass-mq/-/sass-mq-5.0.1.tgz",
                  "integrity": "sha512-ugSVZO5fzasSFrGfKCtY02spnkOOfo9U9sXuzCuSXoCl1CgcoqdJRdNmigZkhvRVph1GKM6o0pgI00Jjc445CA=="
                },
                "string-convert": {
                  "version": "0.2.1",
                  "resolved": "https://registry.npmjs.org/string-convert/-/string-convert-0.2.1.tgz",
                  "integrity": "sha1-aYLMMEn7tM2F+LJFaLnZvznu/5c="
                }
              }
            }
          }
        },
        "@tds/util-prop-types": {
          "version": "1.4.0",
          "requires": {
            "prop-types": "^15.5.10"
          },
          "dependencies": {
            "js-tokens": {
              "version": "4.0.0",
              "resolved": "https://registry.npmjs.org/js-tokens/-/js-tokens-4.0.0.tgz",
              "integrity": "sha512-RdJUflcE3cUzKiMqQgsCu06FPu9UdIJO0beYbPhHN4k6apgJtifcoCtT9bcxOpYBtpD2kCM6Sbzg4CausW/PKQ=="
            },
            "loose-envify": {
              "version": "1.4.0",
              "resolved": "https://registry.npmjs.org/loose-envify/-/loose-envify-1.4.0.tgz",
              "integrity": "sha512-lyuxPGr/Wfhrlem2CL/UcnUc1zcqKAImBDzukY7Y5F/yQiNdko6+fRLevlw1HgMySw7f611UIY408EtxRSoK3Q==",
              "requires": {
                "js-tokens": "^3.0.0 || ^4.0.0"
              }
            },
            "object-assign": {
              "version": "4.1.1",
              "resolved": "https://registry.npmjs.org/object-assign/-/object-assign-4.1.1.tgz",
              "integrity": "sha1-IQmtx5ZYh8/AXLvUQsrIv7s2CGM="
            },
            "prop-types": {
              "version": "15.7.2",
              "resolved": "https://registry.npmjs.org/prop-types/-/prop-types-15.7.2.tgz",
              "integrity": "sha512-8QQikdH7//R2vurIJSutZ1smHYTcLpRWEOlHnzcWHmBYrOGUysKwSsrC89BCiFj3CbrfJ/nXFdJepOVrY1GCHQ==",
              "requires": {
                "loose-envify": "^1.4.0",
                "object-assign": "^4.1.1",
                "react-is": "^16.8.1"
              }
            },
            "react-is": {
              "version": "16.13.1",
              "resolved": "https://registry.npmjs.org/react-is/-/react-is-16.13.1.tgz",
              "integrity": "sha512-24e6ynE2H+OKt4kqsOvNd8kBpV65zoxbA4BVsEOB3ARVWQki/DHzaUoC5KuON/BiccDaCCTZBuOcfZs70kR8bQ=="
            }
          }
        },
        "js-tokens": {
          "version": "4.0.0",
          "resolved": "https://registry.npmjs.org/js-tokens/-/js-tokens-4.0.0.tgz",
          "integrity": "sha512-RdJUflcE3cUzKiMqQgsCu06FPu9UdIJO0beYbPhHN4k6apgJtifcoCtT9bcxOpYBtpD2kCM6Sbzg4CausW/PKQ=="
        },
        "loose-envify": {
          "version": "1.4.0",
          "resolved": "https://registry.npmjs.org/loose-envify/-/loose-envify-1.4.0.tgz",
          "integrity": "sha512-lyuxPGr/Wfhrlem2CL/UcnUc1zcqKAImBDzukY7Y5F/yQiNdko6+fRLevlw1HgMySw7f611UIY408EtxRSoK3Q==",
          "requires": {
            "js-tokens": "^3.0.0 || ^4.0.0"
          }
        },
        "object-assign": {
          "version": "4.1.1",
          "resolved": "https://registry.npmjs.org/object-assign/-/object-assign-4.1.1.tgz",
          "integrity": "sha1-IQmtx5ZYh8/AXLvUQsrIv7s2CGM="
        },
        "prop-types": {
          "version": "15.7.2",
          "resolved": "https://registry.npmjs.org/prop-types/-/prop-types-15.7.2.tgz",
          "integrity": "sha512-8QQikdH7//R2vurIJSutZ1smHYTcLpRWEOlHnzcWHmBYrOGUysKwSsrC89BCiFj3CbrfJ/nXFdJepOVrY1GCHQ==",
          "requires": {
            "loose-envify": "^1.4.0",
            "object-assign": "^4.1.1",
            "react-is": "^16.8.1"
          }
        },
        "react-is": {
          "version": "16.13.1",
          "resolved": "https://registry.npmjs.org/react-is/-/react-is-16.13.1.tgz",
          "integrity": "sha512-24e6ynE2H+OKt4kqsOvNd8kBpV65zoxbA4BVsEOB3ARVWQki/DHzaUoC5KuON/BiccDaCCTZBuOcfZs70kR8bQ=="
        }
      }
    },
    "@tds/core-colours": {
      "version": "2.2.1"
    },
    "@tds/core-interactive-icon": {
      "version": "2.2.0",
      "resolved": "https://registry.npmjs.org/@tds/core-interactive-icon/-/core-interactive-icon-2.2.0.tgz",
      "integrity": "sha512-J9BsR53rK5OaoN7ZN5c9cxfKxccr9ZqEgDPitXG+/nIDZ+/lqENXCjqM1IxD1o9tLvALNbwwkC5/pWYSnEFxaw==",
      "requires": {
        "@tds/core-a11y-content": "^2.2.4",
        "@tds/core-colours": "^2.2.1",
        "@tds/core-text": "^3.1.5",
        "@tds/shared-styles": "^2.0.1",
        "@tds/util-helpers": "^1.6.0",
        "@tds/util-prop-types": "^1.4.0",
        "prop-types": "^15.5.10"
      },
      "dependencies": {
        "prop-types": {
          "version": "15.7.2",
          "resolved": "https://registry.npmjs.org/prop-types/-/prop-types-15.7.2.tgz",
          "integrity": "sha512-8QQikdH7//R2vurIJSutZ1smHYTcLpRWEOlHnzcWHmBYrOGUysKwSsrC89BCiFj3CbrfJ/nXFdJepOVrY1GCHQ==",
          "requires": {
            "loose-envify": "^1.4.0",
            "object-assign": "^4.1.1",
            "react-is": "^16.8.1"
          }
        }
      }
    },
    "@tds/core-responsive": {
      "version": "1.3.4",
      "requires": {
        "prop-types": "^15.5.10",
        "react-media": "^1.10.0",
        "sass-mq": "^5.0.0"
      },
      "dependencies": {
        "@babel/runtime": {
          "version": "7.14.6",
          "resolved": "https://registry.npmjs.org/@babel/runtime/-/runtime-7.14.6.tgz",
          "integrity": "sha512-/PCB2uJ7oM44tz8YhC4Z/6PeOKXp4K588f+5M3clr1M4zbqztlo0XEfJ2LEzj/FgwfgGcIdl8n7YYjTCI0BYwg==",
          "requires": {
            "regenerator-runtime": "^0.13.4"
          }
        },
        "invariant": {
          "version": "2.2.4",
          "resolved": "https://registry.npmjs.org/invariant/-/invariant-2.2.4.tgz",
          "integrity": "sha512-phJfQVBuaJM5raOpJjSfkiD6BpbCE4Ns//LaXl6wGYtUBY83nWS6Rf9tXm2e8VaK60JEjYldbPif/A2B1C2gNA==",
          "requires": {
            "loose-envify": "^1.0.0"
          }
        },
        "js-tokens": {
          "version": "4.0.0",
          "resolved": "https://registry.npmjs.org/js-tokens/-/js-tokens-4.0.0.tgz",
          "integrity": "sha512-RdJUflcE3cUzKiMqQgsCu06FPu9UdIJO0beYbPhHN4k6apgJtifcoCtT9bcxOpYBtpD2kCM6Sbzg4CausW/PKQ=="
        },
        "json2mq": {
          "version": "0.2.0",
          "resolved": "https://registry.npmjs.org/json2mq/-/json2mq-0.2.0.tgz",
          "integrity": "sha1-tje9O6nqvhIsg+lyBIOusQ0skEo=",
          "requires": {
            "string-convert": "^0.2.0"
          }
        },
        "loose-envify": {
          "version": "1.4.0",
          "resolved": "https://registry.npmjs.org/loose-envify/-/loose-envify-1.4.0.tgz",
          "integrity": "sha512-lyuxPGr/Wfhrlem2CL/UcnUc1zcqKAImBDzukY7Y5F/yQiNdko6+fRLevlw1HgMySw7f611UIY408EtxRSoK3Q==",
          "requires": {
            "js-tokens": "^3.0.0 || ^4.0.0"
          }
        },
        "object-assign": {
          "version": "4.1.1",
          "resolved": "https://registry.npmjs.org/object-assign/-/object-assign-4.1.1.tgz",
          "integrity": "sha1-IQmtx5ZYh8/AXLvUQsrIv7s2CGM="
        },
        "prop-types": {
          "version": "15.7.2",
          "resolved": "https://registry.npmjs.org/prop-types/-/prop-types-15.7.2.tgz",
          "integrity": "sha512-8QQikdH7//R2vurIJSutZ1smHYTcLpRWEOlHnzcWHmBYrOGUysKwSsrC89BCiFj3CbrfJ/nXFdJepOVrY1GCHQ==",
          "requires": {
            "loose-envify": "^1.4.0",
            "object-assign": "^4.1.1",
            "react-is": "^16.8.1"
          }
        },
        "react-is": {
          "version": "16.13.1",
          "resolved": "https://registry.npmjs.org/react-is/-/react-is-16.13.1.tgz",
          "integrity": "sha512-24e6ynE2H+OKt4kqsOvNd8kBpV65zoxbA4BVsEOB3ARVWQki/DHzaUoC5KuON/BiccDaCCTZBuOcfZs70kR8bQ=="
        },
        "react-media": {
          "version": "1.10.0",
          "resolved": "https://registry.npmjs.org/react-media/-/react-media-1.10.0.tgz",
          "integrity": "sha512-FjgYmFoaPTImST06jqotuu0Mk8LOXiGYS/fIyiXuLnf20l3DPniBwtrxi604/HxxjqvmHS3oz5rAwnqdvosV4A==",
          "requires": {
            "@babel/runtime": "^7.2.0",
            "invariant": "^2.2.2",
            "json2mq": "^0.2.0",
            "prop-types": "^15.5.10"
          }
        },
        "regenerator-runtime": {
          "version": "0.13.7",
          "resolved": "https://registry.npmjs.org/regenerator-runtime/-/regenerator-runtime-0.13.7.tgz",
          "integrity": "sha512-a54FxoJDIr27pgf7IgeQGxmqUNYrcV338lf/6gH456HZ/PhX+5BcwHXG9ajESmwe6WRO0tAzRUrRmNONWgkrew=="
        },
        "sass-mq": {
          "version": "5.0.1",
          "resolved": "https://registry.npmjs.org/sass-mq/-/sass-mq-5.0.1.tgz",
          "integrity": "sha512-ugSVZO5fzasSFrGfKCtY02spnkOOfo9U9sXuzCuSXoCl1CgcoqdJRdNmigZkhvRVph1GKM6o0pgI00Jjc445CA=="
        },
        "string-convert": {
          "version": "0.2.1",
          "resolved": "https://registry.npmjs.org/string-convert/-/string-convert-0.2.1.tgz",
          "integrity": "sha1-aYLMMEn7tM2F+LJFaLnZvznu/5c="
        }
      }
    },
    "@tds/core-standalone-icon": {
      "version": "2.1.19",
      "requires": {
        "@tds/core-a11y-content": "^2.2.4",
        "@tds/shared-styles": "^2.0.1",
        "@tds/util-helpers": "^1.6.0",
        "prop-types": "^15.5.10"
      },
      "dependencies": {
        "@tds/core-a11y-content": {
          "version": "2.2.4",
          "requires": {
            "@tds/util-helpers": "^1.6.0",
            "@tds/util-prop-types": "^1.4.0",
            "prop-types": "^15.5.10"
          },
          "dependencies": {
            "@tds/util-helpers": {
              "version": "1.6.0",
              "requires": {
                "@tds/core-responsive": "^1.3.4"
              },
              "dependencies": {
                "@tds/core-responsive": {
                  "version": "1.3.4",
                  "requires": {
                    "prop-types": "^15.5.10",
                    "react-media": "^1.10.0",
                    "sass-mq": "^5.0.0"
                  },
                  "dependencies": {}
                }
              }
            },
            "@tds/util-prop-types": {
              "version": "1.4.0",
              "requires": {
                "prop-types": "^15.5.10"
              },
              "dependencies": {
                "js-tokens": {
                  "version": "4.0.0",
                  "resolved": "https://registry.npmjs.org/js-tokens/-/js-tokens-4.0.0.tgz",
                  "integrity": "sha512-RdJUflcE3cUzKiMqQgsCu06FPu9UdIJO0beYbPhHN4k6apgJtifcoCtT9bcxOpYBtpD2kCM6Sbzg4CausW/PKQ=="
                },
                "loose-envify": {
                  "version": "1.4.0",
                  "resolved": "https://registry.npmjs.org/loose-envify/-/loose-envify-1.4.0.tgz",
                  "integrity": "sha512-lyuxPGr/Wfhrlem2CL/UcnUc1zcqKAImBDzukY7Y5F/yQiNdko6+fRLevlw1HgMySw7f611UIY408EtxRSoK3Q==",
                  "requires": {
                    "js-tokens": "^3.0.0 || ^4.0.0"
                  }
                },
                "object-assign": {
                  "version": "4.1.1",
                  "resolved": "https://registry.npmjs.org/object-assign/-/object-assign-4.1.1.tgz",
                  "integrity": "sha1-IQmtx5ZYh8/AXLvUQsrIv7s2CGM="
                },
                "prop-types": {
                  "version": "15.7.2",
                  "resolved": "https://registry.npmjs.org/prop-types/-/prop-types-15.7.2.tgz",
                  "integrity": "sha512-8QQikdH7//R2vurIJSutZ1smHYTcLpRWEOlHnzcWHmBYrOGUysKwSsrC89BCiFj3CbrfJ/nXFdJepOVrY1GCHQ==",
                  "requires": {
                    "loose-envify": "^1.4.0",
                    "object-assign": "^4.1.1",
                    "react-is": "^16.8.1"
                  }
                },
                "react-is": {
                  "version": "16.13.1",
                  "resolved": "https://registry.npmjs.org/react-is/-/react-is-16.13.1.tgz",
                  "integrity": "sha512-24e6ynE2H+OKt4kqsOvNd8kBpV65zoxbA4BVsEOB3ARVWQki/DHzaUoC5KuON/BiccDaCCTZBuOcfZs70kR8bQ=="
                }
              }
            },
            "js-tokens": {
              "version": "4.0.0",
              "resolved": "https://registry.npmjs.org/js-tokens/-/js-tokens-4.0.0.tgz",
              "integrity": "sha512-RdJUflcE3cUzKiMqQgsCu06FPu9UdIJO0beYbPhHN4k6apgJtifcoCtT9bcxOpYBtpD2kCM6Sbzg4CausW/PKQ=="
            },
            "loose-envify": {
              "version": "1.4.0",
              "resolved": "https://registry.npmjs.org/loose-envify/-/loose-envify-1.4.0.tgz",
              "integrity": "sha512-lyuxPGr/Wfhrlem2CL/UcnUc1zcqKAImBDzukY7Y5F/yQiNdko6+fRLevlw1HgMySw7f611UIY408EtxRSoK3Q==",
              "requires": {
                "js-tokens": "^3.0.0 || ^4.0.0"
              }
            },
            "object-assign": {
              "version": "4.1.1",
              "resolved": "https://registry.npmjs.org/object-assign/-/object-assign-4.1.1.tgz",
              "integrity": "sha1-IQmtx5ZYh8/AXLvUQsrIv7s2CGM="
            },
            "prop-types": {
              "version": "15.7.2",
              "resolved": "https://registry.npmjs.org/prop-types/-/prop-types-15.7.2.tgz",
              "integrity": "sha512-8QQikdH7//R2vurIJSutZ1smHYTcLpRWEOlHnzcWHmBYrOGUysKwSsrC89BCiFj3CbrfJ/nXFdJepOVrY1GCHQ==",
              "requires": {
                "loose-envify": "^1.4.0",
                "object-assign": "^4.1.1",
                "react-is": "^16.8.1"
              }
            },
            "react-is": {
              "version": "16.13.1",
              "resolved": "https://registry.npmjs.org/react-is/-/react-is-16.13.1.tgz",
              "integrity": "sha512-24e6ynE2H+OKt4kqsOvNd8kBpV65zoxbA4BVsEOB3ARVWQki/DHzaUoC5KuON/BiccDaCCTZBuOcfZs70kR8bQ=="
            }
          }
        },
        "@tds/core-colours": {},
        "@tds/shared-styles": {
          "version": "2.0.1",
          "requires": {
            "@tds/core-colours": "^2.2.1",
            "@tds/core-responsive": "^1.3.4",
            "@tds/shared-typography": "^1.3.5"
          },
          "dependencies": {
            "@tds/core-colours": {
              "version": "2.2.1"
            },
            "@tds/core-responsive": {
              "version": "1.3.4",
              "requires": {
                "prop-types": "^15.5.10",
                "react-media": "^1.10.0",
                "sass-mq": "^5.0.0"
              },
              "dependencies": {
                "@babel/runtime": {
                  "version": "7.14.6",
                  "resolved": "https://registry.npmjs.org/@babel/runtime/-/runtime-7.14.6.tgz",
                  "integrity": "sha512-/PCB2uJ7oM44tz8YhC4Z/6PeOKXp4K588f+5M3clr1M4zbqztlo0XEfJ2LEzj/FgwfgGcIdl8n7YYjTCI0BYwg==",
                  "requires": {
                    "regenerator-runtime": "^0.13.4"
                  }
                },
                "invariant": {
                  "version": "2.2.4",
                  "resolved": "https://registry.npmjs.org/invariant/-/invariant-2.2.4.tgz",
                  "integrity": "sha512-phJfQVBuaJM5raOpJjSfkiD6BpbCE4Ns//LaXl6wGYtUBY83nWS6Rf9tXm2e8VaK60JEjYldbPif/A2B1C2gNA==",
                  "requires": {
                    "loose-envify": "^1.0.0"
                  }
                },
                "js-tokens": {
                  "version": "4.0.0",
                  "resolved": "https://registry.npmjs.org/js-tokens/-/js-tokens-4.0.0.tgz",
                  "integrity": "sha512-RdJUflcE3cUzKiMqQgsCu06FPu9UdIJO0beYbPhHN4k6apgJtifcoCtT9bcxOpYBtpD2kCM6Sbzg4CausW/PKQ=="
                },
                "json2mq": {
                  "version": "0.2.0",
                  "resolved": "https://registry.npmjs.org/json2mq/-/json2mq-0.2.0.tgz",
                  "integrity": "sha1-tje9O6nqvhIsg+lyBIOusQ0skEo=",
                  "requires": {
                    "string-convert": "^0.2.0"
                  }
                },
                "loose-envify": {
                  "version": "1.4.0",
                  "resolved": "https://registry.npmjs.org/loose-envify/-/loose-envify-1.4.0.tgz",
                  "integrity": "sha512-lyuxPGr/Wfhrlem2CL/UcnUc1zcqKAImBDzukY7Y5F/yQiNdko6+fRLevlw1HgMySw7f611UIY408EtxRSoK3Q==",
                  "requires": {
                    "js-tokens": "^3.0.0 || ^4.0.0"
                  }
                },
                "object-assign": {
                  "version": "4.1.1",
                  "resolved": "https://registry.npmjs.org/object-assign/-/object-assign-4.1.1.tgz",
                  "integrity": "sha1-IQmtx5ZYh8/AXLvUQsrIv7s2CGM="
                },
                "prop-types": {
                  "version": "15.7.2",
                  "resolved": "https://registry.npmjs.org/prop-types/-/prop-types-15.7.2.tgz",
                  "integrity": "sha512-8QQikdH7//R2vurIJSutZ1smHYTcLpRWEOlHnzcWHmBYrOGUysKwSsrC89BCiFj3CbrfJ/nXFdJepOVrY1GCHQ==",
                  "requires": {
                    "loose-envify": "^1.4.0",
                    "object-assign": "^4.1.1",
                    "react-is": "^16.8.1"
                  }
                },
                "react-is": {
                  "version": "16.13.1",
                  "resolved": "https://registry.npmjs.org/react-is/-/react-is-16.13.1.tgz",
                  "integrity": "sha512-24e6ynE2H+OKt4kqsOvNd8kBpV65zoxbA4BVsEOB3ARVWQki/DHzaUoC5KuON/BiccDaCCTZBuOcfZs70kR8bQ=="
                },
                "react-media": {
                  "version": "1.10.0",
                  "resolved": "https://registry.npmjs.org/react-media/-/react-media-1.10.0.tgz",
                  "integrity": "sha512-FjgYmFoaPTImST06jqotuu0Mk8LOXiGYS/fIyiXuLnf20l3DPniBwtrxi604/HxxjqvmHS3oz5rAwnqdvosV4A==",
                  "requires": {
                    "@babel/runtime": "^7.2.0",
                    "invariant": "^2.2.2",
                    "json2mq": "^0.2.0",
                    "prop-types": "^15.5.10"
                  }
                },
                "regenerator-runtime": {
                  "version": "0.13.7",
                  "resolved": "https://registry.npmjs.org/regenerator-runtime/-/regenerator-runtime-0.13.7.tgz",
                  "integrity": "sha512-a54FxoJDIr27pgf7IgeQGxmqUNYrcV338lf/6gH456HZ/PhX+5BcwHXG9ajESmwe6WRO0tAzRUrRmNONWgkrew=="
                },
                "sass-mq": {
                  "version": "5.0.1",
                  "resolved": "https://registry.npmjs.org/sass-mq/-/sass-mq-5.0.1.tgz",
                  "integrity": "sha512-ugSVZO5fzasSFrGfKCtY02spnkOOfo9U9sXuzCuSXoCl1CgcoqdJRdNmigZkhvRVph1GKM6o0pgI00Jjc445CA=="
                },
                "string-convert": {
                  "version": "0.2.1",
                  "resolved": "https://registry.npmjs.org/string-convert/-/string-convert-0.2.1.tgz",
                  "integrity": "sha1-aYLMMEn7tM2F+LJFaLnZvznu/5c="
                }
              }
            },
            "@tds/shared-typography": {
              "version": "1.3.5",
              "dependencies": {
                "@tds/core-colours": {}
              }
            }
          }
        },
        "@tds/util-helpers": {
          "version": "1.6.0",
          "requires": {
            "@tds/core-responsive": "^1.3.4"
          },
          "dependencies": {
            "@tds/core-responsive": {
              "version": "1.3.4",
              "requires": {
                "prop-types": "^15.5.10",
                "react-media": "^1.10.0",
                "sass-mq": "^5.0.0"
              },
              "dependencies": {}
            }
          }
        },
        "js-tokens": {
          "version": "4.0.0",
          "resolved": "https://registry.npmjs.org/js-tokens/-/js-tokens-4.0.0.tgz",
          "integrity": "sha512-RdJUflcE3cUzKiMqQgsCu06FPu9UdIJO0beYbPhHN4k6apgJtifcoCtT9bcxOpYBtpD2kCM6Sbzg4CausW/PKQ=="
        },
        "loose-envify": {
          "version": "1.4.0",
          "resolved": "https://registry.npmjs.org/loose-envify/-/loose-envify-1.4.0.tgz",
          "integrity": "sha512-lyuxPGr/Wfhrlem2CL/UcnUc1zcqKAImBDzukY7Y5F/yQiNdko6+fRLevlw1HgMySw7f611UIY408EtxRSoK3Q==",
          "requires": {
            "js-tokens": "^3.0.0 || ^4.0.0"
          }
        },
        "object-assign": {
          "version": "4.1.1",
          "resolved": "https://registry.npmjs.org/object-assign/-/object-assign-4.1.1.tgz",
          "integrity": "sha1-IQmtx5ZYh8/AXLvUQsrIv7s2CGM="
        },
        "prop-types": {
          "version": "15.7.2",
          "resolved": "https://registry.npmjs.org/prop-types/-/prop-types-15.7.2.tgz",
          "integrity": "sha512-8QQikdH7//R2vurIJSutZ1smHYTcLpRWEOlHnzcWHmBYrOGUysKwSsrC89BCiFj3CbrfJ/nXFdJepOVrY1GCHQ==",
          "requires": {
            "loose-envify": "^1.4.0",
            "object-assign": "^4.1.1",
            "react-is": "^16.8.1"
          }
        },
        "react-is": {
          "version": "16.13.1",
          "resolved": "https://registry.npmjs.org/react-is/-/react-is-16.13.1.tgz",
          "integrity": "sha512-24e6ynE2H+OKt4kqsOvNd8kBpV65zoxbA4BVsEOB3ARVWQki/DHzaUoC5KuON/BiccDaCCTZBuOcfZs70kR8bQ=="
        }
      }
    },
    "@tds/core-text": {
      "version": "3.1.5",
      "requires": {
        "@tds/shared-typography": "^1.3.5",
        "@tds/util-helpers": "^1.6.0",
        "prop-types": "^15.5.10"
      },
      "dependencies": {
        "@tds/shared-typography": {
          "version": "1.3.5",
          "dependencies": {
            "@tds/core-colours": {}
          }
        },
        "@tds/util-helpers": {
          "version": "1.6.0",
          "requires": {
            "@tds/core-responsive": "^1.3.4"
          },
          "dependencies": {
            "@tds/core-responsive": {
              "version": "1.3.4",
              "requires": {
                "prop-types": "^15.5.10",
                "react-media": "^1.10.0",
                "sass-mq": "^5.0.0"
              },
              "dependencies": {}
            }
          }
        },
        "js-tokens": {
          "version": "4.0.0",
          "resolved": "https://registry.npmjs.org/js-tokens/-/js-tokens-4.0.0.tgz",
          "integrity": "sha512-RdJUflcE3cUzKiMqQgsCu06FPu9UdIJO0beYbPhHN4k6apgJtifcoCtT9bcxOpYBtpD2kCM6Sbzg4CausW/PKQ=="
        },
        "loose-envify": {
          "version": "1.4.0",
          "resolved": "https://registry.npmjs.org/loose-envify/-/loose-envify-1.4.0.tgz",
          "integrity": "sha512-lyuxPGr/Wfhrlem2CL/UcnUc1zcqKAImBDzukY7Y5F/yQiNdko6+fRLevlw1HgMySw7f611UIY408EtxRSoK3Q==",
          "requires": {
            "js-tokens": "^3.0.0 || ^4.0.0"
          }
        },
        "object-assign": {
          "version": "4.1.1",
          "resolved": "https://registry.npmjs.org/object-assign/-/object-assign-4.1.1.tgz",
          "integrity": "sha1-IQmtx5ZYh8/AXLvUQsrIv7s2CGM="
        },
        "prop-types": {
          "version": "15.7.2",
          "resolved": "https://registry.npmjs.org/prop-types/-/prop-types-15.7.2.tgz",
          "integrity": "sha512-8QQikdH7//R2vurIJSutZ1smHYTcLpRWEOlHnzcWHmBYrOGUysKwSsrC89BCiFj3CbrfJ/nXFdJepOVrY1GCHQ==",
          "requires": {
            "loose-envify": "^1.4.0",
            "object-assign": "^4.1.1",
            "react-is": "^16.8.1"
          }
        },
        "react-is": {
          "version": "16.13.1",
          "resolved": "https://registry.npmjs.org/react-is/-/react-is-16.13.1.tgz",
          "integrity": "sha512-24e6ynE2H+OKt4kqsOvNd8kBpV65zoxbA4BVsEOB3ARVWQki/DHzaUoC5KuON/BiccDaCCTZBuOcfZs70kR8bQ=="
        }
      }
    },
    "@tds/shared-hocs": {
      "version": "1.2.0"
    },
    "@tds/shared-styles": {
      "version": "2.0.1",
      "requires": {
        "@tds/core-colours": "^2.2.1",
        "@tds/core-responsive": "^1.3.4",
        "@tds/shared-typography": "^1.3.5"
      },
      "dependencies": {
        "@tds/core-colours": {
          "version": "2.2.1"
        },
        "@tds/core-responsive": {
          "version": "1.3.4",
          "requires": {
            "prop-types": "^15.5.10",
            "react-media": "^1.10.0",
            "sass-mq": "^5.0.0"
          },
          "dependencies": {}
        },
        "@tds/shared-typography": {
          "version": "1.3.5",
          "dependencies": {}
        }
      }
    },
    "@tds/util-generate-id": {
      "version": "1.0.4",
      "dev": true,
      "requires": {
        "array-find-es6": "^2.0.3"
      },
      "dependencies": {
        "array-find-es6": {
          "version": "2.0.3",
          "resolved": "https://registry.npmjs.org/array-find-es6/-/array-find-es6-2.0.3.tgz",
          "integrity": "sha512-35QZe7bM24H1Q+tAhFRVp6mUsCD+M1zREs45fjeiVqF2OAgzly76tcCjBISvu4AlR6slKv1oDaYr4KlPmzBKZA==",
          "dev": true
        }
      }
    },
    "@tds/util-helpers": {
      "version": "1.6.0",
      "requires": {
        "@tds/core-responsive": "^1.3.4"
      },
      "dependencies": {
        "@tds/core-responsive": {
          "version": "1.3.4",
          "requires": {
            "prop-types": "^15.5.10",
            "react-media": "^1.10.0",
            "sass-mq": "^5.0.0"
          },
          "dependencies": {}
        }
      }
    },
    "@tds/util-prop-types": {
      "version": "1.4.0",
      "resolved": "https://registry.npmjs.org/@tds/util-prop-types/-/util-prop-types-1.4.0.tgz",
      "integrity": "sha512-IXeRpVzxzyXWcOquK8ZPnc3nayvS6SqszvbYYj6c4ucBPu2prPUix7g0/A4kDd1XP22lvJxlYa1XDUN0iE6Rig==",
      "requires": {
        "prop-types": "^15.5.10"
      },
      "dependencies": {
        "prop-types": {
          "version": "15.7.2",
          "resolved": "https://registry.npmjs.org/prop-types/-/prop-types-15.7.2.tgz",
          "integrity": "sha512-8QQikdH7//R2vurIJSutZ1smHYTcLpRWEOlHnzcWHmBYrOGUysKwSsrC89BCiFj3CbrfJ/nXFdJepOVrY1GCHQ==",
          "requires": {
            "loose-envify": "^1.4.0",
            "object-assign": "^4.1.1",
            "react-is": "^16.8.1"
          }
        }
      }
    },
    "js-tokens": {
      "version": "4.0.0",
      "resolved": "https://registry.npmjs.org/js-tokens/-/js-tokens-4.0.0.tgz",
      "integrity": "sha512-RdJUflcE3cUzKiMqQgsCu06FPu9UdIJO0beYbPhHN4k6apgJtifcoCtT9bcxOpYBtpD2kCM6Sbzg4CausW/PKQ=="
    },
    "loose-envify": {
      "version": "1.4.0",
      "resolved": "https://registry.npmjs.org/loose-envify/-/loose-envify-1.4.0.tgz",
      "integrity": "sha512-lyuxPGr/Wfhrlem2CL/UcnUc1zcqKAImBDzukY7Y5F/yQiNdko6+fRLevlw1HgMySw7f611UIY408EtxRSoK3Q==",
      "requires": {
        "js-tokens": "^3.0.0 || ^4.0.0"
      }
    },
    "object-assign": {
      "version": "4.1.1",
      "resolved": "https://registry.npmjs.org/object-assign/-/object-assign-4.1.1.tgz",
      "integrity": "sha1-IQmtx5ZYh8/AXLvUQsrIv7s2CGM="
    },
    "react-is": {
      "version": "16.13.1",
      "resolved": "https://registry.npmjs.org/react-is/-/react-is-16.13.1.tgz",
      "integrity": "sha512-24e6ynE2H+OKt4kqsOvNd8kBpV65zoxbA4BVsEOB3ARVWQki/DHzaUoC5KuON/BiccDaCCTZBuOcfZs70kR8bQ=="
    }
  }
}
