{
  "name": "@tds/core-card",
  "version": "2.3.7",
  "lockfileVersion": 1,
  "requires": true,
  "dependencies": {
    "@tds/core-box": {
      "version": "2.2.1",
      "resolved": "https://registry.npmjs.org/@tds/core-box/-/core-box-2.2.1.tgz",
      "integrity": "sha512-XdoFieCxWixYZhXAvMj3dOKoqfUeaxDHNO2CaRC2J84nCuom7ZMlyxBMAph6J3e4IYS7FUkwvhLJGH3r0DsoTQ==",
      "requires": {
        "@tds/core-responsive": "^1.3.3",
        "@tds/util-helpers": "^1.4.2",
        "@tds/util-prop-types": "^1.4.0",
        "prop-types": "^15.5.10"
      }
    },
    "@tds/core-colours": {
      "version": "2.2.1",
      "resolved": "https://registry.npmjs.org/@tds/core-colours/-/core-colours-2.2.1.tgz",
      "integrity": "sha512-5ZW1Ru3LdlhFP2iU+n0fX6/5dlC6TT4l28XO88hRre0C81NtApVy+6pHVNpG+24VqQGCWG1LMG3/qkjnJvVrtw=="
    },
    "@tds/core-image": {
      "version": "2.0.20",
      "resolved": "https://registry.npmjs.org/@tds/core-image/-/core-image-2.0.20.tgz",
      "integrity": "sha512-FFK2ilcXR/RBe3BiFOvRhemcimOuu39wwgevJinHFGn+FmP2KhVGOnrkjwMU5nns3ZFUlZbJMj6bOd2pK/L5HQ==",
      "requires": {
        "@tds/shared-styles": "^1.5.2",
        "@tds/util-helpers": "^1.4.2",
        "prop-types": "^15.5.10"
      }
    },
    "@tds/core-responsive": {
      "version": "1.3.3",
      "resolved": "https://registry.npmjs.org/@tds/core-responsive/-/core-responsive-1.3.3.tgz",
      "integrity": "sha512-3T6Lf9s+D9CojcwI0Ig9kgAqsrD+enb0v9IyHD4ozbjY/lsD6NySxfuH1Twu+gjZEaWxdOoVtIvIHhtp487+YQ==",
      "requires": {
        "prop-types": "^15.5.10",
        "sass-mq": "^5.0.0"
      }
    },
    "@tds/shared-styles": {
      "version": "1.5.2",
      "resolved": "https://registry.npmjs.org/@tds/shared-styles/-/shared-styles-1.5.2.tgz",
      "integrity": "sha512-vS9gqljuYIwKj3lAXt/uBB2FC9dkFoFF2348Y3oeLSfZ3KSvnUa5uj5nwOcEV/tacuLpMc5792loW9NOIdRrtg==",
      "requires": {
        "@tds/core-colours": "^2.2.1",
        "@tds/shared-typography": "^1.3.5"
      }
    },
    "@tds/shared-typography": {
      "version": "1.3.5",
      "resolved": "https://registry.npmjs.org/@tds/shared-typography/-/shared-typography-1.3.5.tgz",
      "integrity": "sha512-XuaRKp5L3z57kgDMHm6q1w5XiVp7dAN9oMwEvXmTdXEjoHP3vgADibauAIePr5lL53hJaHQnS2CvWxjKWuFk5g=="
    },
    "@tds/util-helpers": {
      "version": "1.4.2",
      "resolved": "https://registry.npmjs.org/@tds/util-helpers/-/util-helpers-1.4.2.tgz",
      "integrity": "sha512-MiRzz5tsKQCO23yk0UBng8lHIDmT2D4fqtdA4JKc/JEXWNRKILt21rdXE0UqQIDM71yK2EMGeh84qlfEFjI9Xg==",
      "requires": {
        "@tds/core-responsive": "^1.3.3"
      }
    },
    "@tds/util-prop-types": {
      "version": "1.4.0",
      "resolved": "https://registry.npmjs.org/@tds/util-prop-types/-/util-prop-types-1.4.0.tgz",
      "integrity": "sha512-IXeRpVzxzyXWcOquK8ZPnc3nayvS6SqszvbYYj6c4ucBPu2prPUix7g0/A4kDd1XP22lvJxlYa1XDUN0iE6Rig==",
      "requires": {
        "prop-types": "^15.5.10"
      }
    },
    "js-tokens": {
      "version": "4.0.0",
      "resolved": "https://registry.npmjs.org/js-tokens/-/js-tokens-4.0.0.tgz",
      "integrity": "sha512-RdJUflcE3cUzKiMqQgsCu06FPu9UdIJO0beYbPhHN4k6apgJtifcoCtT9bcxOpYBtpD2kCM6Sbzg4CausW/PKQ=="
    },
    "loose-envify": {
      "version": "1.4.0",
      "resolved": "https://registry.npmjs.org/loose-envify/-/loose-envify-1.4.0.tgz",
      "integrity": "sha512-lyuxPGr/Wfhrlem2CL/UcnUc1zcqKAImBDzukY7Y5F/yQiNdko6+fRLevlw1HgMySw7f611UIY408EtxRSoK3Q==",
      "requires": {
        "js-tokens": "^3.0.0 || ^4.0.0"
      }
    },
    "object-assign": {
      "version": "4.1.1",
      "resolved": "https://registry.npmjs.org/object-assign/-/object-assign-4.1.1.tgz",
      "integrity": "sha1-IQmtx5ZYh8/AXLvUQsrIv7s2CGM="
    },
    "prop-types": {
      "version": "15.7.2",
      "resolved": "https://registry.npmjs.org/prop-types/-/prop-types-15.7.2.tgz",
      "integrity": "sha512-8QQikdH7//R2vurIJSutZ1smHYTcLpRWEOlHnzcWHmBYrOGUysKwSsrC89BCiFj3CbrfJ/nXFdJepOVrY1GCHQ==",
      "requires": {
        "loose-envify": "^1.4.0",
        "object-assign": "^4.1.1",
        "react-is": "^16.8.1"
      }
    },
    "react-is": {
      "version": "16.13.1",
      "resolved": "https://registry.npmjs.org/react-is/-/react-is-16.13.1.tgz",
      "integrity": "sha512-24e6ynE2H+OKt4kqsOvNd8kBpV65zoxbA4BVsEOB3ARVWQki/DHzaUoC5KuON/BiccDaCCTZBuOcfZs70kR8bQ=="
    },
    "sass-mq": {
      "version": "5.0.1",
      "resolved": "https://registry.npmjs.org/sass-mq/-/sass-mq-5.0.1.tgz",
      "integrity": "sha512-ugSVZO5fzasSFrGfKCtY02spnkOOfo9U9sXuzCuSXoCl1CgcoqdJRdNmigZkhvRVph1GKM6o0pgI00Jjc445CA=="
    }
  }
    },
    "@tds/shared-styles": {
      "version": "1.5.2",
      "resolved": "https://registry.npmjs.org/@tds/shared-styles/-/shared-styles-1.5.2.tgz",
      "integrity": "sha512-vS9gqljuYIwKj3lAXt/uBB2FC9dkFoFF2348Y3oeLSfZ3KSvnUa5uj5nwOcEV/tacuLpMc5792loW9NOIdRrtg==",
      "requires": {
        "@tds/core-colours": "^2.2.1",
        "@tds/shared-typography": "^1.3.5"
      }
    },
    "@tds/shared-typography": {
      "version": "1.3.5",
      "resolved": "https://registry.npmjs.org/@tds/shared-typography/-/shared-typography-1.3.5.tgz",
      "integrity": "sha512-XuaRKp5L3z57kgDMHm6q1w5XiVp7dAN9oMwEvXmTdXEjoHP3vgADibauAIePr5lL53hJaHQnS2CvWxjKWuFk5g=="
    },
    "@tds/util-helpers": {
      "version": "1.4.2",
      "resolved": "https://registry.npmjs.org/@tds/util-helpers/-/util-helpers-1.4.2.tgz",
      "integrity": "sha512-MiRzz5tsKQCO23yk0UBng8lHIDmT2D4fqtdA4JKc/JEXWNRKILt21rdXE0UqQIDM71yK2EMGeh84qlfEFjI9Xg==",
      "requires": {
        "@tds/core-responsive": "^1.3.3"
      }
    },
    "@tds/util-prop-types": {
      "version": "1.4.0",
      "resolved": "https://registry.npmjs.org/@tds/util-prop-types/-/util-prop-types-1.4.0.tgz",
      "integrity": "sha512-IXeRpVzxzyXWcOquK8ZPnc3nayvS6SqszvbYYj6c4ucBPu2prPUix7g0/A4kDd1XP22lvJxlYa1XDUN0iE6Rig==",
      "requires": {
        "prop-types": "^15.5.10"
      }
    },
    "js-tokens": {
      "version": "4.0.0",
      "resolved": "https://registry.npmjs.org/js-tokens/-/js-tokens-4.0.0.tgz",
      "integrity": "sha512-RdJUflcE3cUzKiMqQgsCu06FPu9UdIJO0beYbPhHN4k6apgJtifcoCtT9bcxOpYBtpD2kCM6Sbzg4CausW/PKQ=="
    },
    "loose-envify": {
      "version": "1.4.0",
      "resolved": "https://registry.npmjs.org/loose-envify/-/loose-envify-1.4.0.tgz",
      "integrity": "sha512-lyuxPGr/Wfhrlem2CL/UcnUc1zcqKAImBDzukY7Y5F/yQiNdko6+fRLevlw1HgMySw7f611UIY408EtxRSoK3Q==",
      "requires": {
        "js-tokens": "^3.0.0 || ^4.0.0"
      }
    },
    "object-assign": {
      "version": "4.1.1",
      "resolved": "https://registry.npmjs.org/object-assign/-/object-assign-4.1.1.tgz",
      "integrity": "sha1-IQmtx5ZYh8/AXLvUQsrIv7s2CGM="
    },
    "prop-types": {
      "version": "15.7.2",
      "resolved": "https://registry.npmjs.org/prop-types/-/prop-types-15.7.2.tgz",
      "integrity": "sha512-8QQikdH7//R2vurIJSutZ1smHYTcLpRWEOlHnzcWHmBYrOGUysKwSsrC89BCiFj3CbrfJ/nXFdJepOVrY1GCHQ==",
      "requires": {
        "loose-envify": "^1.4.0",
        "object-assign": "^4.1.1",
        "react-is": "^16.8.1"
      }
    },
    "react-is": {
      "version": "16.13.1",
      "resolved": "https://registry.npmjs.org/react-is/-/react-is-16.13.1.tgz",
      "integrity": "sha512-24e6ynE2H+OKt4kqsOvNd8kBpV65zoxbA4BVsEOB3ARVWQki/DHzaUoC5KuON/BiccDaCCTZBuOcfZs70kR8bQ=="
    },
    "sass-mq": {
      "version": "5.0.1",
      "resolved": "https://registry.npmjs.org/sass-mq/-/sass-mq-5.0.1.tgz",
      "integrity": "sha512-ugSVZO5fzasSFrGfKCtY02spnkOOfo9U9sXuzCuSXoCl1CgcoqdJRdNmigZkhvRVph1GKM6o0pgI00Jjc445CA=="
    }
  }
}
